// !$*UTF8*$!
{
	archiveVersion = 1;
	classes = {
	};
	objectVersion = 50;
	objects = {

/* Begin PBXBuildFile section */
		3BAC5234260593A000F1D7D7 /* AppDelegate.swift in Sources */ = {isa = PBXBuildFile; fileRef = 3BAC5233260593A000F1D7D7 /* AppDelegate.swift */; };
		3BAC5236260593A000F1D7D7 /* SceneDelegate.swift in Sources */ = {isa = PBXBuildFile; fileRef = 3BAC5235260593A000F1D7D7 /* SceneDelegate.swift */; };
		3BAC5238260593A000F1D7D7 /* ViewController.swift in Sources */ = {isa = PBXBuildFile; fileRef = 3BAC5237260593A000F1D7D7 /* ViewController.swift */; };
		3BAC523B260593A000F1D7D7 /* Main.storyboard in Resources */ = {isa = PBXBuildFile; fileRef = 3BAC5239260593A000F1D7D7 /* Main.storyboard */; };
		3BAC523D260593A100F1D7D7 /* Assets.xcassets in Resources */ = {isa = PBXBuildFile; fileRef = 3BAC523C260593A100F1D7D7 /* Assets.xcassets */; };
		3BAC5240260593A100F1D7D7 /* LaunchScreen.storyboard in Resources */ = {isa = PBXBuildFile; fileRef = 3BAC523E260593A100F1D7D7 /* LaunchScreen.storyboard */; };
		3BAC524A2610D3B600F1D7D7 /* EffectViewController.swift in Sources */ = {isa = PBXBuildFile; fileRef = 3BAC52492610D3B600F1D7D7 /* EffectViewController.swift */; };
/* End PBXBuildFile section */

/* Begin PBXFileReference section */
		3BAC5230260593A000F1D7D7 /* My Camera.app */ = {isa = PBXFileReference; explicitFileType = wrapper.application; includeInIndex = 0; path = "My Camera.app"; sourceTree = BUILT_PRODUCTS_DIR; };
		3BAC5233260593A000F1D7D7 /* AppDelegate.swift */ = {isa = PBXFileReference; lastKnownFileType = sourcecode.swift; path = AppDelegate.swift; sourceTree = "<group>"; };
		3BAC5235260593A000F1D7D7 /* SceneDelegate.swift */ = {isa = PBXFileReference; lastKnownFileType = sourcecode.swift; path = SceneDelegate.swift; sourceTree = "<group>"; };
		3BAC5237260593A000F1D7D7 /* ViewController.swift */ = {isa = PBXFileReference; lastKnownFileType = sourcecode.swift; path = ViewController.swift; sourceTree = "<group>"; };
		3BAC523A260593A000F1D7D7 /* Base */ = {isa = PBXFileReference; lastKnownFileType = file.storyboard; name = Base; path = Base.lproj/Main.storyboard; sourceTree = "<group>"; };
		3BAC523C260593A100F1D7D7 /* Assets.xcassets */ = {isa = PBXFileReference; lastKnownFileType = folder.assetcatalog; path = Assets.xcassets; sourceTree = "<group>"; };
		3BAC523F260593A100F1D7D7 /* Base */ = {isa = PBXFileReference; lastKnownFileType = file.storyboard; name = Base; path = Base.lproj/LaunchScreen.storyboard; sourceTree = "<group>"; };
		3BAC5241260593A100F1D7D7 /* Info.plist */ = {isa = PBXFileReference; lastKnownFileType = text.plist.xml; path = Info.plist; sourceTree = "<group>"; };
		3BAC52492610D3B600F1D7D7 /* EffectViewController.swift */ = {isa = PBXFileReference; lastKnownFileType = sourcecode.swift; path = EffectViewController.swift; sourceTree = "<group>"; };
/* End PBXFileReference section */

/* Begin PBXFrameworksBuildPhase section */
		3BAC522D260593A000F1D7D7 /* Frameworks */ = {
			isa = PBXFrameworksBuildPhase;
			buildActionMask = 2147483647;
			files = (
			);
			runOnlyForDeploymentPostprocessing = 0;
		};
/* End PBXFrameworksBuildPhase section */

/* Begin PBXGroup section */
		3BAC5227260593A000F1D7D7 = {
			isa = PBXGroup;
			children = (
				3BAC5232260593A000F1D7D7 /* My Camera */,
				3BAC5231260593A000F1D7D7 /* Products */,
			);
			sourceTree = "<group>";
		};
		3BAC5231260593A000F1D7D7 /* Products */ = {
			isa = PBXGroup;
			children = (
				3BAC5230260593A000F1D7D7 /* My Camera.app */,
			);
			name = Products;
			sourceTree = "<group>";
		};
		3BAC5232260593A000F1D7D7 /* My Camera */ = {
			isa = PBXGroup;
			children = (
				3BAC5233260593A000F1D7D7 /* AppDelegate.swift */,
				3BAC5235260593A000F1D7D7 /* SceneDelegate.swift */,
				3BAC5237260593A000F1D7D7 /* ViewController.swift */,
				3BAC5239260593A000F1D7D7 /* Main.storyboard */,
				3BAC52492610D3B600F1D7D7 /* EffectViewController.swift */,
				3BAC523C260593A100F1D7D7 /* Assets.xcassets */,
				3BAC523E260593A100F1D7D7 /* LaunchScreen.storyboard */,
				3BAC5241260593A100F1D7D7 /* Info.plist */,
			);
			path = "My Camera";
			sourceTree = "<group>";
		};
/* End PBXGroup section */

/* Begin PBXNativeTarget section */
		3BAC522F260593A000F1D7D7 /* My Camera */ = {
			isa = PBXNativeTarget;
			buildConfigurationList = 3BAC5244260593A100F1D7D7 /* Build configuration list for PBXNativeTarget "My Camera" */;
			buildPhases = (
				3BAC522C260593A000F1D7D7 /* Sources */,
				3BAC522D260593A000F1D7D7 /* Frameworks */,
				3BAC522E260593A000F1D7D7 /* Resources */,
			);
			buildRules = (
			);
			dependencies = (
			);
			name = "My Camera";
			productName = "My Camera";
			productReference = 3BAC5230260593A000F1D7D7 /* My Camera.app */;
			productType = "com.apple.product-type.application";
		};
/* End PBXNativeTarget section */

/* Begin PBXProject section */
		3BAC5228260593A000F1D7D7 /* Project object */ = {
			isa = PBXProject;
			attributes = {
				LastSwiftUpdateCheck = 1240;
				LastUpgradeCheck = 1240;
				TargetAttributes = {
					3BAC522F260593A000F1D7D7 = {
						CreatedOnToolsVersion = 12.4;
					};
				};
			};
			buildConfigurationList = 3BAC522B260593A000F1D7D7 /* Build configuration list for PBXProject "My Camera" */;
			compatibilityVersion = "Xcode 9.3";
			developmentRegion = en;
			hasScannedForEncodings = 0;
			knownRegions = (
				en,
				Base,
			);
			mainGroup = 3BAC5227260593A000F1D7D7;
			productRefGroup = 3BAC5231260593A000F1D7D7 /* Products */;
			projectDirPath = "";
			projectRoot = "";
			targets = (
				3BAC522F260593A000F1D7D7 /* My Camera */,
			);
		};
/* End PBXProject section */

/* Begin PBXResourcesBuildPhase section */
		3BAC522E260593A000F1D7D7 /* Resources */ = {
			isa = PBXResourcesBuildPhase;
			buildActionMask = 2147483647;
			files = (
				3BAC5240260593A100F1D7D7 /* LaunchScreen.storyboard in Resources */,
				3BAC523D260593A100F1D7D7 /* Assets.xcassets in Resources */,
				3BAC523B260593A000F1D7D7 /* Main.storyboard in Resources */,
			);
			runOnlyForDeploymentPostprocessing = 0;
		};
/* End PBXResourcesBuildPhase section */

/* Begin PBXSourcesBuildPhase section */
		3BAC522C260593A000F1D7D7 /* Sources */ = {
			isa = PBXSourcesBuildPhase;
			buildActionMask = 2147483647;
			files = (
				3BAC5238260593A000F1D7D7 /* ViewController.swift in Sources */,
				3BAC524A2610D3B600F1D7D7 /* EffectViewController.swift in Sources */,
				3BAC5234260593A000F1D7D7 /* AppDelegate.swift in Sources */,
				3BAC5236260593A000F1D7D7 /* SceneDelegate.swift in Sources */,
			);
			runOnlyForDeploymentPostprocessing = 0;
		};
/* End PBXSourcesBuildPhase section */

/* Begin PBXVariantGroup section */
		3BAC5239260593A000F1D7D7 /* Main.storyboard */ = {
			isa = PBXVariantGroup;
			children = (
				3BAC523A260593A000F1D7D7 /* Base */,
			);
			name = Main.storyboard;
			sourceTree = "<group>";
		};
		3BAC523E260593A100F1D7D7 /* LaunchScreen.storyboard */ = {
			isa = PBXVariantGroup;
			children = (
				3BAC523F260593A100F1D7D7 /* Base */,
			);
			name = LaunchScreen.storyboard;
			sourceTree = "<group>";
		};
/* End PBXVariantGroup section */

/* Begin XCBuildConfiguration section */
		3BAC5242260593A100F1D7D7 /* Debug */ = {
			isa = XCBuildConfiguration;
			buildSettings = {
				ALWAYS_SEARCH_USER_PATHS = NO;
				CLANG_ANALYZER_NONNULL = YES;
				CLANG_ANALYZER_NUMBER_OBJECT_CONVERSION = YES_AGGRESSIVE;
				CLANG_CXX_LANGUAGE_STANDARD = "gnu++14";
				CLANG_CXX_LIBRARY = "libc++";
				CLANG_ENABLE_MODULES = YES;
				CLANG_ENABLE_OBJC_ARC = YES;
				CLANG_ENABLE_OBJC_WEAK = YES;
				CLANG_WARN_BLOCK_CAPTURE_AUTORELEASING = YES;
				CLANG_WARN_BOOL_CONVERSION = YES;
				CLANG_WARN_COMMA = YES;
				CLANG_WARN_CONSTANT_CONVERSION = YES;
				CLANG_WARN_DEPRECATED_OBJC_IMPLEMENTATIONS = YES;
				CLANG_WARN_DIRECT_OBJC_ISA_USAGE = YES_ERROR;
				CLANG_WARN_DOCUMENTATION_COMMENTS = YES;
				CLANG_WARN_EMPTY_BODY = YES;
				CLANG_WARN_ENUM_CONVERSION = YES;
				CLANG_WARN_INFINITE_RECURSION = YES;
				CLANG_WARN_INT_CONVERSION = YES;
				CLANG_WARN_NON_LITERAL_NULL_CONVERSION = YES;
				CLANG_WARN_OBJC_IMPLICIT_RETAIN_SELF = YES;
				CLANG_WARN_OBJC_LITERAL_CONVERSION = YES;
				CLANG_WARN_OBJC_ROOT_CLASS = YES_ERROR;
				CLANG_WARN_QUOTED_INCLUDE_IN_FRAMEWORK_HEADER = YES;
				CLANG_WARN_RANGE_LOOP_ANALYSIS = YES;
				CLANG_WARN_STRICT_PROTOTYPES = YES;
				CLANG_WARN_SUSPICIOUS_MOVE = YES;
				CLANG_WARN_UNGUARDED_AVAILABILITY = YES_AGGRESSIVE;
				CLANG_WARN_UNREACHABLE_CODE = YES;
				CLANG_WARN__DUPLICATE_METHOD_MATCH = YES;
				COPY_PHASE_STRIP = NO;
				DEBUG_INFORMATION_FORMAT = dwarf;
				ENABLE_STRICT_OBJC_MSGSEND = YES;
				ENABLE_TESTABILITY = YES;
				GCC_C_LANGUAGE_STANDARD = gnu11;
				GCC_DYNAMIC_NO_PIC = NO;
				GCC_NO_COMMON_BLOCKS = YES;
				GCC_OPTIMIZATION_LEVEL = 0;
				GCC_PREPROCESSOR_DEFINITIONS = (
					"DEBUG=1",
					"$(inherited)",
				);
				GCC_WARN_64_TO_32_BIT_CONVERSION = YES;
				GCC_WARN_ABOUT_RETURN_TYPE = YES_ERROR;
				GCC_WARN_UNDECLARED_SELECTOR = YES;
				GCC_WARN_UNINITIALIZED_AUTOS = YES_AGGRESSIVE;
				GCC_WARN_UNUSED_FUNCTION = YES;
				GCC_WARN_UNUSED_VARIABLE = YES;
				IPHONEOS_DEPLOYMENT_TARGET = 14.4;
				MTL_ENABLE_DEBUG_INFO = INCLUDE_SOURCE;
				MTL_FAST_MATH = YES;
				ONLY_ACTIVE_ARCH = YES;
				SDKROOT = iphoneos;
				SWIFT_ACTIVE_COMPILATION_CONDITIONS = DEBUG;
				SWIFT_OPTIMIZATION_LEVEL = "-Onone";
			};
			name = Debug;
		};
		3BAC5243260593A100F1D7D7 /* Release */ = {
			isa = XCBuildConfiguration;
			buildSettings = {
				ALWAYS_SEARCH_USER_PATHS = NO;
				CLANG_ANALYZER_NONNULL = YES;
				CLANG_ANALYZER_NUMBER_OBJECT_CONVERSION = YES_AGGRESSIVE;
				CLANG_CXX_LANGUAGE_STANDARD = "gnu++14";
				CLANG_CXX_LIBRARY = "libc++";
				CLANG_ENABLE_MODULES = YES;
				CLANG_ENABLE_OBJC_ARC = YES;
				CLANG_ENABLE_OBJC_WEAK = YES;
				CLANG_WARN_BLOCK_CAPTURE_AUTORELEASING = YES;
				CLANG_WARN_BOOL_CONVERSION = YES;
				CLANG_WARN_COMMA = YES;
				CLANG_WARN_CONSTANT_CONVERSION = YES;
				CLANG_WARN_DEPRECATED_OBJC_IMPLEMENTATIONS = YES;
				CLANG_WARN_DIRECT_OBJC_ISA_USAGE = YES_ERROR;
				CLANG_WARN_DOCUMENTATION_COMMENTS = YES;
				CLANG_WARN_EMPTY_BODY = YES;
				CLANG_WARN_ENUM_CONVERSION = YES;
				CLANG_WARN_INFINITE_RECURSION = YES;
				CLANG_WARN_INT_CONVERSION = YES;
				CLANG_WARN_NON_LITERAL_NULL_CONVERSION = YES;
				CLANG_WARN_OBJC_IMPLICIT_RETAIN_SELF = YES;
				CLANG_WARN_OBJC_LITERAL_CONVERSION = YES;
				CLANG_WARN_OBJC_ROOT_CLASS = YES_ERROR;
				CLANG_WARN_QUOTED_INCLUDE_IN_FRAMEWORK_HEADER = YES;
				CLANG_WARN_RANGE_LOOP_ANALYSIS = YES;
				CLANG_WARN_STRICT_PROTOTYPES = YES;
				CLANG_WARN_SUSPICIOUS_MOVE = YES;
				CLANG_WARN_UNGUARDED_AVAILABILITY = YES_AGGRESSIVE;
				CLANG_WARN_UNREACHABLE_CODE = YES;
				CLANG_WARN__DUPLICATE_METHOD_MATCH = YES;
				COPY_PHASE_STRIP = NO;
				DEBUG_INFORMATION_FORMAT = "dwarf-with-dsym";
				ENABLE_NS_ASSERTIONS = NO;
				ENABLE_STRICT_OBJC_MSGSEND = YES;
				GCC_C_LANGUAGE_STANDARD = gnu11;
				GCC_NO_COMMON_BLOCKS = YES;
				GCC_WARN_64_TO_32_BIT_CONVERSION = YES;
				GCC_WARN_ABOUT_RETURN_TYPE = YES_ERROR;
				GCC_WARN_UNDECLARED_SELECTOR = YES;
				GCC_WARN_UNINITIALIZED_AUTOS = YES_AGGRESSIVE;
				GCC_WARN_UNUSED_FUNCTION = YES;
				GCC_WARN_UNUSED_VARIABLE = YES;
				IPHONEOS_DEPLOYMENT_TARGET = 14.4;
				MTL_ENABLE_DEBUG_INFO = NO;
				MTL_FAST_MATH = YES;
				SDKROOT = iphoneos;
				SWIFT_COMPILATION_MODE = wholemodule;
				SWIFT_OPTIMIZATION_LEVEL = "-O";
				VALIDATE_PRODUCT = YES;
			};
			name = Release;
		};
		3BAC5245260593A100F1D7D7 /* Debug */ = {
			isa = XCBuildConfiguration;
			buildSettings = {
				ASSETCATALOG_COMPILER_APPICON_NAME = AppIcon;
				ASSETCATALOG_COMPILER_GLOBAL_ACCENT_COLOR_NAME = AccentColor;
				CODE_SIGN_STYLE = Automatic;
				DEVELOPMENT_TEAM = W89S664HVD;
				INFOPLIST_FILE = "My Camera/Info.plist";
				LD_RUNPATH_SEARCH_PATHS = (
					"$(inherited)",
					"@executable_path/Frameworks",
				);
				PRODUCT_BUNDLE_IDENTIFIER = "Okina.My-Camera";
				PRODUCT_NAME = "$(TARGET_NAME)";
				SWIFT_VERSION = 5.0;
				TARGETED_DEVICE_FAMILY = "1,2";
			};
			name = Debug;
		};
		3BAC5246260593A100F1D7D7 /* Release */ = {
			isa = XCBuildConfiguration;
			buildSettings = {
				ASSETCATALOG_COMPILER_APPICON_NAME = AppIcon;
				ASSETCATALOG_COMPILER_GLOBAL_ACCENT_COLOR_NAME = AccentColor;
				CODE_SIGN_STYLE = Automatic;
				DEVELOPMENT_TEAM = W89S664HVD;
				INFOPLIST_FILE = "My Camera/Info.plist";
				LD_RUNPATH_SEARCH_PATHS = (
					"$(inherited)",
					"@executable_path/Frameworks",
				);
				PRODUCT_BUNDLE_IDENTIFIER = "Okina.My-Camera";
				PRODUCT_NAME = "$(TARGET_NAME)";
				SWIFT_VERSION = 5.0;
				TARGETED_DEVICE_FAMILY = "1,2";
			};
			name = Release;
		};
/* End XCBuildConfiguration section */

/* Begin XCConfigurationList section */
		3BAC522B260593A000F1D7D7 /* Build configuration list for PBXProject "My Camera" */ = {
			isa = XCConfigurationList;
			buildConfigurations = (
				3BAC5242260593A100F1D7D7 /* Debug */,
				3BAC5243260593A100F1D7D7 /* Release */,
			);
			defaultConfigurationIsVisible = 0;
			defaultConfigurationName = Release;
		};
		3BAC5244260593A100F1D7D7 /* Build configuration list for PBXNativeTarget "My Camera" */ = {
			isa = XCConfigurationList;
			buildConfigurations = (
				3BAC5245260593A100F1D7D7 /* Debug */,
				3BAC5246260593A100F1D7D7 /* Release */,
			);
			defaultConfigurationIsVisible = 0;
			defaultConfigurationName = Release;
		};
/* End XCConfigurationList section */
	};
	rootObject = 3BAC5228260593A000F1D7D7 /* Project object */;
}
