// !$*UTF8*$!
{
	archiveVersion = 1;
	classes = {
	};
	objectVersion = 50;
	objects = {

/* Begin PBXBuildFile section */
		3B40F6F626D146000088FFAB /* AppDelegate.swift in Sources */ = {isa = PBXBuildFile; fileRef = 3B40F6F526D146000088FFAB /* AppDelegate.swift */; };
		3B40F6F826D146000088FFAB /* SceneDelegate.swift in Sources */ = {isa = PBXBuildFile; fileRef = 3B40F6F726D146000088FFAB /* SceneDelegate.swift */; };
		3B40F6FA26D146000088FFAB /* ViewController.swift in Sources */ = {isa = PBXBuildFile; fileRef = 3B40F6F926D146000088FFAB /* ViewController.swift */; };
		3B40F6FD26D146000088FFAB /* Main.storyboard in Resources */ = {isa = PBXBuildFile; fileRef = 3B40F6FB26D146000088FFAB /* Main.storyboard */; };
		3B40F6FF26D146040088FFAB /* Assets.xcassets in Resources */ = {isa = PBXBuildFile; fileRef = 3B40F6FE26D146040088FFAB /* Assets.xcassets */; };
		3B40F70226D146040088FFAB /* LaunchScreen.storyboard in Resources */ = {isa = PBXBuildFile; fileRef = 3B40F70026D146040088FFAB /* LaunchScreen.storyboard */; };
		3B40F70B26D14F910088FFAB /* guitarSound.mp3 in Resources */ = {isa = PBXBuildFile; fileRef = 3B40F70926D14F910088FFAB /* guitarSound.mp3 */; };
		3B40F70C26D14F910088FFAB /* cymbalSound.mp3 in Resources */ = {isa = PBXBuildFile; fileRef = 3B40F70A26D14F910088FFAB /* cymbalSound.mp3 */; };
		3B40F70E26D151A70088FFAB /* PerituneMaterial_Mealtime_Rag.mp3 in Resources */ = {isa = PBXBuildFile; fileRef = 3B40F70D26D151A70088FFAB /* PerituneMaterial_Mealtime_Rag.mp3 */; };
/* End PBXBuildFile section */

/* Begin PBXFileReference section */
		3B40F6F226D146000088FFAB /* My Music.app */ = {isa = PBXFileReference; explicitFileType = wrapper.application; includeInIndex = 0; path = "My Music.app"; sourceTree = BUILT_PRODUCTS_DIR; };
		3B40F6F526D146000088FFAB /* AppDelegate.swift */ = {isa = PBXFileReference; lastKnownFileType = sourcecode.swift; path = AppDelegate.swift; sourceTree = "<group>"; };
		3B40F6F726D146000088FFAB /* SceneDelegate.swift */ = {isa = PBXFileReference; lastKnownFileType = sourcecode.swift; path = SceneDelegate.swift; sourceTree = "<group>"; };
		3B40F6F926D146000088FFAB /* ViewController.swift */ = {isa = PBXFileReference; lastKnownFileType = sourcecode.swift; path = ViewController.swift; sourceTree = "<group>"; };
		3B40F6FC26D146000088FFAB /* Base */ = {isa = PBXFileReference; lastKnownFileType = file.storyboard; name = Base; path = Base.lproj/Main.storyboard; sourceTree = "<group>"; };
		3B40F6FE26D146040088FFAB /* Assets.xcassets */ = {isa = PBXFileReference; lastKnownFileType = folder.assetcatalog; path = Assets.xcassets; sourceTree = "<group>"; };
		3B40F70126D146040088FFAB /* Base */ = {isa = PBXFileReference; lastKnownFileType = file.storyboard; name = Base; path = Base.lproj/LaunchScreen.storyboard; sourceTree = "<group>"; };
		3B40F70326D146040088FFAB /* Info.plist */ = {isa = PBXFileReference; lastKnownFileType = text.plist.xml; path = Info.plist; sourceTree = "<group>"; };
		3B40F70926D14F910088FFAB /* guitarSound.mp3 */ = {isa = PBXFileReference; lastKnownFileType = audio.mp3; path = guitarSound.mp3; sourceTree = "<group>"; };
		3B40F70A26D14F910088FFAB /* cymbalSound.mp3 */ = {isa = PBXFileReference; lastKnownFileType = audio.mp3; path = cymbalSound.mp3; sourceTree = "<group>"; };
		3B40F70D26D151A70088FFAB /* PerituneMaterial_Mealtime_Rag.mp3 */ = {isa = PBXFileReference; lastKnownFileType = audio.mp3; path = PerituneMaterial_Mealtime_Rag.mp3; sourceTree = "<group>"; };
/* End PBXFileReference section */

/* Begin PBXFrameworksBuildPhase section */
		3B40F6EF26D146000088FFAB /* Frameworks */ = {
			isa = PBXFrameworksBuildPhase;
			buildActionMask = 2147483647;
			files = (
			);
			runOnlyForDeploymentPostprocessing = 0;
		};
/* End PBXFrameworksBuildPhase section */

/* Begin PBXGroup section */
		3B40F6E926D146000088FFAB = {
			isa = PBXGroup;
			children = (
				3B40F6F426D146000088FFAB /* My Music */,
				3B40F6F326D146000088FFAB /* Products */,
			);
			sourceTree = "<group>";
		};
		3B40F6F326D146000088FFAB /* Products */ = {
			isa = PBXGroup;
			children = (
				3B40F6F226D146000088FFAB /* My Music.app */,
			);
			name = Products;
			sourceTree = "<group>";
		};
		3B40F6F426D146000088FFAB /* My Music */ = {
			isa = PBXGroup;
			children = (
				3B40F6F526D146000088FFAB /* AppDelegate.swift */,
				3B40F6F726D146000088FFAB /* SceneDelegate.swift */,
				3B40F6F926D146000088FFAB /* ViewController.swift */,
				3B40F6FB26D146000088FFAB /* Main.storyboard */,
				3B40F6FE26D146040088FFAB /* Assets.xcassets */,
				3B40F70026D146040088FFAB /* LaunchScreen.storyboard */,
				3B40F70326D146040088FFAB /* Info.plist */,
				3B40F70A26D14F910088FFAB /* cymbalSound.mp3 */,
				3B40F70926D14F910088FFAB /* guitarSound.mp3 */,
				3B40F70D26D151A70088FFAB /* PerituneMaterial_Mealtime_Rag.mp3 */,
			);
			path = "My Music";
			sourceTree = "<group>";
		};
/* End PBXGroup section */

/* Begin PBXNativeTarget section */
		3B40F6F126D146000088FFAB /* My Music */ = {
			isa = PBXNativeTarget;
			buildConfigurationList = 3B40F70626D146040088FFAB /* Build configuration list for PBXNativeTarget "My Music" */;
			buildPhases = (
				3B40F6EE26D146000088FFAB /* Sources */,
				3B40F6EF26D146000088FFAB /* Frameworks */,
				3B40F6F026D146000088FFAB /* Resources */,
			);
			buildRules = (
			);
			dependencies = (
			);
			name = "My Music";
			productName = "My Music";
			productReference = 3B40F6F226D146000088FFAB /* My Music.app */;
			productType = "com.apple.product-type.application";
		};
/* End PBXNativeTarget section */

/* Begin PBXProject section */
		3B40F6EA26D146000088FFAB /* Project object */ = {
			isa = PBXProject;
			attributes = {
				LastSwiftUpdateCheck = 1250;
				LastUpgradeCheck = 1250;
				TargetAttributes = {
					3B40F6F126D146000088FFAB = {
						CreatedOnToolsVersion = 12.5.1;
					};
				};
			};
			buildConfigurationList = 3B40F6ED26D146000088FFAB /* Build configuration list for PBXProject "My Music" */;
			compatibilityVersion = "Xcode 9.3";
			developmentRegion = en;
			hasScannedForEncodings = 0;
			knownRegions = (
				en,
				Base,
			);
			mainGroup = 3B40F6E926D146000088FFAB;
			productRefGroup = 3B40F6F326D146000088FFAB /* Products */;
			projectDirPath = "";
			projectRoot = "";
			targets = (
				3B40F6F126D146000088FFAB /* My Music */,
			);
		};
/* End PBXProject section */

/* Begin PBXResourcesBuildPhase section */
		3B40F6F026D146000088FFAB /* Resources */ = {
			isa = PBXResourcesBuildPhase;
			buildActionMask = 2147483647;
			files = (
				3B40F70226D146040088FFAB /* LaunchScreen.storyboard in Resources */,
				3B40F6FF26D146040088FFAB /* Assets.xcassets in Resources */,
				3B40F70B26D14F910088FFAB /* guitarSound.mp3 in Resources */,
				3B40F6FD26D146000088FFAB /* Main.storyboard in Resources */,
				3B40F70E26D151A70088FFAB /* PerituneMaterial_Mealtime_Rag.mp3 in Resources */,
				3B40F70C26D14F910088FFAB /* cymbalSound.mp3 in Resources */,
			);
			runOnlyForDeploymentPostprocessing = 0;
		};
/* End PBXResourcesBuildPhase section */

/* Begin PBXSourcesBuildPhase section */
		3B40F6EE26D146000088FFAB /* Sources */ = {
			isa = PBXSourcesBuildPhase;
			buildActionMask = 2147483647;
			files = (
				3B40F6FA26D146000088FFAB /* ViewController.swift in Sources */,
				3B40F6F626D146000088FFAB /* AppDelegate.swift in Sources */,
				3B40F6F826D146000088FFAB /* SceneDelegate.swift in Sources */,
			);
			runOnlyForDeploymentPostprocessing = 0;
		};
/* End PBXSourcesBuildPhase section */

/* Begin PBXVariantGroup section */
		3B40F6FB26D146000088FFAB /* Main.storyboard */ = {
			isa = PBXVariantGroup;
			children = (
				3B40F6FC26D146000088FFAB /* Base */,
			);
			name = Main.storyboard;
			sourceTree = "<group>";
		};
		3B40F70026D146040088FFAB /* LaunchScreen.storyboard */ = {
			isa = PBXVariantGroup;
			children = (
				3B40F70126D146040088FFAB /* Base */,
			);
			name = LaunchScreen.storyboard;
			sourceTree = "<group>";
		};
/* End PBXVariantGroup section */

/* Begin XCBuildConfiguration section */
		3B40F70426D146040088FFAB /* Debug */ = {
			isa = XCBuildConfiguration;
			buildSettings = {
				ALWAYS_SEARCH_USER_PATHS = NO;
				CLANG_ANALYZER_NONNULL = YES;
				CLANG_ANALYZER_NUMBER_OBJECT_CONVERSION = YES_AGGRESSIVE;
				CLANG_CXX_LANGUAGE_STANDARD = "gnu++14";
				CLANG_CXX_LIBRARY = "libc++";
				CLANG_ENABLE_MODULES = YES;
				CLANG_ENABLE_OBJC_ARC = YES;
				CLANG_ENABLE_OBJC_WEAK = YES;
				CLANG_WARN_BLOCK_CAPTURE_AUTORELEASING = YES;
				CLANG_WARN_BOOL_CONVERSION = YES;
				CLANG_WARN_COMMA = YES;
				CLANG_WARN_CONSTANT_CONVERSION = YES;
				CLANG_WARN_DEPRECATED_OBJC_IMPLEMENTATIONS = YES;
				CLANG_WARN_DIRECT_OBJC_ISA_USAGE = YES_ERROR;
				CLANG_WARN_DOCUMENTATION_COMMENTS = YES;
				CLANG_WARN_EMPTY_BODY = YES;
				CLANG_WARN_ENUM_CONVERSION = YES;
				CLANG_WARN_INFINITE_RECURSION = YES;
				CLANG_WARN_INT_CONVERSION = YES;
				CLANG_WARN_NON_LITERAL_NULL_CONVERSION = YES;
				CLANG_WARN_OBJC_IMPLICIT_RETAIN_SELF = YES;
				CLANG_WARN_OBJC_LITERAL_CONVERSION = YES;
				CLANG_WARN_OBJC_ROOT_CLASS = YES_ERROR;
				CLANG_WARN_QUOTED_INCLUDE_IN_FRAMEWORK_HEADER = YES;
				CLANG_WARN_RANGE_LOOP_ANALYSIS = YES;
				CLANG_WARN_STRICT_PROTOTYPES = YES;
				CLANG_WARN_SUSPICIOUS_MOVE = YES;
				CLANG_WARN_UNGUARDED_AVAILABILITY = YES_AGGRESSIVE;
				CLANG_WARN_UNREACHABLE_CODE = YES;
				CLANG_WARN__DUPLICATE_METHOD_MATCH = YES;
				COPY_PHASE_STRIP = NO;
				DEBUG_INFORMATION_FORMAT = dwarf;
				ENABLE_STRICT_OBJC_MSGSEND = YES;
				ENABLE_TESTABILITY = YES;
				GCC_C_LANGUAGE_STANDARD = gnu11;
				GCC_DYNAMIC_NO_PIC = NO;
				GCC_NO_COMMON_BLOCKS = YES;
				GCC_OPTIMIZATION_LEVEL = 0;
				GCC_PREPROCESSOR_DEFINITIONS = (
					"DEBUG=1",
					"$(inherited)",
				);
				GCC_WARN_64_TO_32_BIT_CONVERSION = YES;
				GCC_WARN_ABOUT_RETURN_TYPE = YES_ERROR;
				GCC_WARN_UNDECLARED_SELECTOR = YES;
				GCC_WARN_UNINITIALIZED_AUTOS = YES_AGGRESSIVE;
				GCC_WARN_UNUSED_FUNCTION = YES;
				GCC_WARN_UNUSED_VARIABLE = YES;
				IPHONEOS_DEPLOYMENT_TARGET = 14.5;
				MTL_ENABLE_DEBUG_INFO = INCLUDE_SOURCE;
				MTL_FAST_MATH = YES;
				ONLY_ACTIVE_ARCH = YES;
				SDKROOT = iphoneos;
				SWIFT_ACTIVE_COMPILATION_CONDITIONS = DEBUG;
				SWIFT_OPTIMIZATION_LEVEL = "-Onone";
			};
			name = Debug;
		};
		3B40F70526D146040088FFAB /* Release */ = {
			isa = XCBuildConfiguration;
			buildSettings = {
				ALWAYS_SEARCH_USER_PATHS = NO;
				CLANG_ANALYZER_NONNULL = YES;
				CLANG_ANALYZER_NUMBER_OBJECT_CONVERSION = YES_AGGRESSIVE;
				CLANG_CXX_LANGUAGE_STANDARD = "gnu++14";
				CLANG_CXX_LIBRARY = "libc++";
				CLANG_ENABLE_MODULES = YES;
				CLANG_ENABLE_OBJC_ARC = YES;
				CLANG_ENABLE_OBJC_WEAK = YES;
				CLANG_WARN_BLOCK_CAPTURE_AUTORELEASING = YES;
				CLANG_WARN_BOOL_CONVERSION = YES;
				CLANG_WARN_COMMA = YES;
				CLANG_WARN_CONSTANT_CONVERSION = YES;
				CLANG_WARN_DEPRECATED_OBJC_IMPLEMENTATIONS = YES;
				CLANG_WARN_DIRECT_OBJC_ISA_USAGE = YES_ERROR;
				CLANG_WARN_DOCUMENTATION_COMMENTS = YES;
				CLANG_WARN_EMPTY_BODY = YES;
				CLANG_WARN_ENUM_CONVERSION = YES;
				CLANG_WARN_INFINITE_RECURSION = YES;
				CLANG_WARN_INT_CONVERSION = YES;
				CLANG_WARN_NON_LITERAL_NULL_CONVERSION = YES;
				CLANG_WARN_OBJC_IMPLICIT_RETAIN_SELF = YES;
				CLANG_WARN_OBJC_LITERAL_CONVERSION = YES;
				CLANG_WARN_OBJC_ROOT_CLASS = YES_ERROR;
				CLANG_WARN_QUOTED_INCLUDE_IN_FRAMEWORK_HEADER = YES;
				CLANG_WARN_RANGE_LOOP_ANALYSIS = YES;
				CLANG_WARN_STRICT_PROTOTYPES = YES;
				CLANG_WARN_SUSPICIOUS_MOVE = YES;
				CLANG_WARN_UNGUARDED_AVAILABILITY = YES_AGGRESSIVE;
				CLANG_WARN_UNREACHABLE_CODE = YES;
				CLANG_WARN__DUPLICATE_METHOD_MATCH = YES;
				COPY_PHASE_STRIP = NO;
				DEBUG_INFORMATION_FORMAT = "dwarf-with-dsym";
				ENABLE_NS_ASSERTIONS = NO;
				ENABLE_STRICT_OBJC_MSGSEND = YES;
				GCC_C_LANGUAGE_STANDARD = gnu11;
				GCC_NO_COMMON_BLOCKS = YES;
				GCC_WARN_64_TO_32_BIT_CONVERSION = YES;
				GCC_WARN_ABOUT_RETURN_TYPE = YES_ERROR;
				GCC_WARN_UNDECLARED_SELECTOR = YES;
				GCC_WARN_UNINITIALIZED_AUTOS = YES_AGGRESSIVE;
				GCC_WARN_UNUSED_FUNCTION = YES;
				GCC_WARN_UNUSED_VARIABLE = YES;
				IPHONEOS_DEPLOYMENT_TARGET = 14.5;
				MTL_ENABLE_DEBUG_INFO = NO;
				MTL_FAST_MATH = YES;
				SDKROOT = iphoneos;
				SWIFT_COMPILATION_MODE = wholemodule;
				SWIFT_OPTIMIZATION_LEVEL = "-O";
				VALIDATE_PRODUCT = YES;
			};
			name = Release;
		};
		3B40F70726D146040088FFAB /* Debug */ = {
			isa = XCBuildConfiguration;
			buildSettings = {
				ASSETCATALOG_COMPILER_APPICON_NAME = AppIcon;
				ASSETCATALOG_COMPILER_GLOBAL_ACCENT_COLOR_NAME = AccentColor;
				CODE_SIGN_STYLE = Automatic;
				DEVELOPMENT_TEAM = W89S664HVD;
				INFOPLIST_FILE = "My Music/Info.plist";
				LD_RUNPATH_SEARCH_PATHS = (
					"$(inherited)",
					"@executable_path/Frameworks",
				);
				PRODUCT_BUNDLE_IDENTIFIER = "Okina.My-Music";
				PRODUCT_NAME = "$(TARGET_NAME)";
				SWIFT_VERSION = 5.0;
				TARGETED_DEVICE_FAMILY = "1,2";
			};
			name = Debug;
		};
		3B40F70826D146040088FFAB /* Release */ = {
			isa = XCBuildConfiguration;
			buildSettings = {
				ASSETCATALOG_COMPILER_APPICON_NAME = AppIcon;
				ASSETCATALOG_COMPILER_GLOBAL_ACCENT_COLOR_NAME = AccentColor;
				CODE_SIGN_STYLE = Automatic;
				DEVELOPMENT_TEAM = W89S664HVD;
				INFOPLIST_FILE = "My Music/Info.plist";
				LD_RUNPATH_SEARCH_PATHS = (
					"$(inherited)",
					"@executable_path/Frameworks",
				);
				PRODUCT_BUNDLE_IDENTIFIER = "Okina.My-Music";
				PRODUCT_NAME = "$(TARGET_NAME)";
				SWIFT_VERSION = 5.0;
				TARGETED_DEVICE_FAMILY = "1,2";
			};
			name = Release;
		};
/* End XCBuildConfiguration section */

/* Begin XCConfigurationList section */
		3B40F6ED26D146000088FFAB /* Build configuration list for PBXProject "My Music" */ = {
			isa = XCConfigurationList;
			buildConfigurations = (
				3B40F70426D146040088FFAB /* Debug */,
				3B40F70526D146040088FFAB /* Release */,
			);
			defaultConfigurationIsVisible = 0;
			defaultConfigurationName = Release;
		};
		3B40F70626D146040088FFAB /* Build configuration list for PBXNativeTarget "My Music" */ = {
			isa = XCConfigurationList;
			buildConfigurations = (
				3B40F70726D146040088FFAB /* Debug */,
				3B40F70826D146040088FFAB /* Release */,
			);
			defaultConfigurationIsVisible = 0;
			defaultConfigurationName = Release;
		};
/* End XCConfigurationList section */
	};
	rootObject = 3B40F6EA26D146000088FFAB /* Project object */;
}
